
Microsoft Visual Studio Solution File, Format Version 12.00
# Visual Studio Version 16
VisualStudioVersion = 16.0.29911.84
MinimumVisualStudioVersion = 10.0.40219.1
Project("{9A19103F-16F7-4668-BE54-9A1E7A4F7556}") = "FeedForward3", "FeedForward3\FeedForward3.csproj", "{07342203-D863-4AE8-88C3-0CE166329DD0}"
EndProject
Project("{9A19103F-16F7-4668-BE54-9A1E7A4F7556}") = "FeedForward3.DAL", "FeedForward3.DAL\FeedForward3.DAL.csproj", "{72E6E242-CA18-4F13-9D23-3A8EA295D844}"
EndProject
Project("{9A19103F-16F7-4668-BE54-9A1E7A4F7556}") = "FeedForward3.Logic", "FeedForward3.Logic\FeedForward3.Logic.csproj", "{58EB925A-DD5E-4EF3-B4F4-4158D964D8ED}"
EndProject
Project("{9A19103F-16F7-4668-BE54-9A1E7A4F7556}") = "FeedForward3.Models", "FeedForward3.Models\FeedForward3.Models.csproj", "{E29E5C0F-86C1-4E2A-B5EA-5AA96D2F1F35}"
EndProject
Project("{9A19103F-16F7-4668-BE54-9A1E7A4F7556}") = "FeedForward3.Factories", "FeedForward3.Factories\FeedForward3.Factories.csproj", "{5B5D26B9-05FB-48D8-99E6-8839B5ABE422}"
EndProject
Project("{9A19103F-16F7-4668-BE54-9A1E7A4F7556}") = "FeedForward3.Interfaces", "FeedForward3.Interfaces\FeedForward3.Interfaces.csproj", "{AC4780AD-5086-4CFC-8702-50EF68F4D067}"
EndProject
Project("{FAE04EC0-301F-11D3-BF4B-00C04F79EFBC}") = "FeedForward3 Tests", "FeedForward3 Tests\FeedForward3 Tests.csproj", "{5BCF69E7-FBC3-4EC1-A26D-82420C5A1EB1}"
EndProject
Global
	GlobalSection(SolutionConfigurationPlatforms) = preSolution
		Debug|Any CPU = Debug|Any CPU
		Release|Any CPU = Release|Any CPU
	EndGlobalSection
	GlobalSection(ProjectConfigurationPlatforms) = postSolution
		{07342203-D863-4AE8-88C3-0CE166329DD0}.Debug|Any CPU.ActiveCfg = Debug|Any CPU
		{07342203-D863-4AE8-88C3-0CE166329DD0}.Debug|Any CPU.Build.0 = Debug|Any CPU
		{07342203-D863-4AE8-88C3-0CE166329DD0}.Release|Any CPU.ActiveCfg = Release|Any CPU
		{07342203-D863-4AE8-88C3-0CE166329DD0}.Release|Any CPU.Build.0 = Release|Any CPU
		{72E6E242-CA18-4F13-9D23-3A8EA295D844}.Debug|Any CPU.ActiveCfg = Debug|Any CPU
		{72E6E242-CA18-4F13-9D23-3A8EA295D844}.Debug|Any CPU.Build.0 = Debug|Any CPU
		{72E6E242-CA18-4F13-9D23-3A8EA295D844}.Release|Any CPU.ActiveCfg = Release|Any CPU
		{72E6E242-CA18-4F13-9D23-3A8EA295D844}.Release|Any CPU.Build.0 = Release|Any CPU
		{58EB925A-DD5E-4EF3-B4F4-4158D964D8ED}.Debug|Any CPU.ActiveCfg = Debug|Any CPU
		{58EB925A-DD5E-4EF3-B4F4-4158D964D8ED}.Debug|Any CPU.Build.0 = Debug|Any CPU
		{58EB925A-DD5E-4EF3-B4F4-4158D964D8ED}.Release|Any CPU.ActiveCfg = Release|Any CPU
		{58EB925A-DD5E-4EF3-B4F4-4158D964D8ED}.Release|Any CPU.Build.0 = Release|Any CPU
		{E29E5C0F-86C1-4E2A-B5EA-5AA96D2F1F35}.Debug|Any CPU.ActiveCfg = Debug|Any CPU
		{E29E5C0F-86C1-4E2A-B5EA-5AA96D2F1F35}.Debug|Any CPU.Build.0 = Debug|Any CPU
		{E29E5C0F-86C1-4E2A-B5EA-5AA96D2F1F35}.Release|Any CPU.ActiveCfg = Release|Any CPU
		{E29E5C0F-86C1-4E2A-B5EA-5AA96D2F1F35}.Release|Any CPU.Build.0 = Release|Any CPU
		{5B5D26B9-05FB-48D8-99E6-8839B5ABE422}.Debug|Any CPU.ActiveCfg = Debug|Any CPU
		{5B5D26B9-05FB-48D8-99E6-8839B5ABE422}.Debug|Any CPU.Build.0 = Debug|Any CPU
		{5B5D26B9-05FB-48D8-99E6-8839B5ABE422}.Release|Any CPU.ActiveCfg = Release|Any CPU
		{5B5D26B9-05FB-48D8-99E6-8839B5ABE422}.Release|Any CPU.Build.0 = Release|Any CPU
		{AC4780AD-5086-4CFC-8702-50EF68F4D067}.Debug|Any CPU.ActiveCfg = Debug|Any CPU
		{AC4780AD-5086-4CFC-8702-50EF68F4D067}.Debug|Any CPU.Build.0 = Debug|Any CPU
		{AC4780AD-5086-4CFC-8702-50EF68F4D067}.Release|Any CPU.ActiveCfg = Release|Any CPU
		{AC4780AD-5086-4CFC-8702-50EF68F4D067}.Release|Any CPU.Build.0 = Release|Any CPU
		{5BCF69E7-FBC3-4EC1-A26D-82420C5A1EB1}.Debug|Any CPU.ActiveCfg = Debug|Any CPU
		{5BCF69E7-FBC3-4EC1-A26D-82420C5A1EB1}.Debug|Any CPU.Build.0 = Debug|Any CPU
		{5BCF69E7-FBC3-4EC1-A26D-82420C5A1EB1}.Release|Any CPU.ActiveCfg = Release|Any CPU
		{5BCF69E7-FBC3-4EC1-A26D-82420C5A1EB1}.Release|Any CPU.Build.0 = Release|Any CPU
	EndGlobalSection
	GlobalSection(SolutionProperties) = preSolution
		HideSolutionNode = FALSE
	EndGlobalSection
	GlobalSection(ExtensibilityGlobals) = postSolution
		SolutionGuid = {3EBA03FA-8E19-432D-9D8E-8738E15AC455}
	EndGlobalSection
EndGlobal
